
Microsoft Visual Studio Solution File, Format Version 12.00
# Visual Studio Version 16
VisualStudioVersion = 16.0.30907.101
MinimumVisualStudioVersion = 10.0.40219.1
Project("{8BC9CEB8-8B4A-11D0-8D11-00A0C91BC942}") = "71A", "71A\71A.vcxproj", "{16501F31-CE33-4D81-9BDE-472DAC779343}"
EndProject
Project("{8BC9CEB8-8B4A-11D0-8D11-00A0C91BC942}") = "4A", "4A\4A.vcxproj", "{3C245E34-3A5C-487A-AA9C-371DCEF3F4B9}"
EndProject
Project("{8BC9CEB8-8B4A-11D0-8D11-00A0C91BC942}") = "158B", "158B\158B.vcxproj", "{3CDB4376-1D99-41EA-9351-F030E3F2CE1D}"
EndProject
Project("{8BC9CEB8-8B4A-11D0-8D11-00A0C91BC942}") = "344A", "344A\344A.vcxproj", "{DFF357B0-7669-4DD8-ABD1-D501DBCA7AB2}"
EndProject
Project("{8BC9CEB8-8B4A-11D0-8D11-00A0C91BC942}") = "1517B", "1517B\1517B.vcxproj", "{DB8D3652-28C1-425F-BB50-B5275BB4A264}"
EndProject
Project("{8BC9CEB8-8B4A-11D0-8D11-00A0C91BC942}") = "1A", "1A\1A.vcxproj", "{505CCEC8-1F9B-433F-9AD8-3A1AB6C312B5}"
EndProject
Project("{8BC9CEB8-8B4A-11D0-8D11-00A0C91BC942}") = "230B", "230B\230B.vcxproj", "{CDAD866C-3552-4550-BB6F-945245E1CCBD}"
EndProject
Project("{8BC9CEB8-8B4A-11D0-8D11-00A0C91BC942}") = "1511C", "1511C\1511C.vcxproj", "{1057D520-F593-4C9A-B0F8-DD2A8FFFC9C9}"
EndProject
Project("{8BC9CEB8-8B4A-11D0-8D11-00A0C91BC942}") = "1511E", "1511E\1511E.vcxproj", "{F9B3733D-00E8-4734-8C1A-7A2834609281}"
EndProject
Project("{8BC9CEB8-8B4A-11D0-8D11-00A0C91BC942}") = "1511D", "1511D\1511D.vcxproj", "{E317759D-1355-435F-9A6D-21C6BEB2038E}"
EndProject
Global
	GlobalSection(SolutionConfigurationPlatforms) = preSolution
		Debug|x64 = Debug|x64
		Debug|x86 = Debug|x86
		Release|x64 = Release|x64
		Release|x86 = Release|x86
	EndGlobalSection
	GlobalSection(ProjectConfigurationPlatforms) = postSolution
		{16501F31-CE33-4D81-9BDE-472DAC779343}.Debug|x64.ActiveCfg = Debug|x64
		{16501F31-CE33-4D81-9BDE-472DAC779343}.Debug|x64.Build.0 = Debug|x64
		{16501F31-CE33-4D81-9BDE-472DAC779343}.Debug|x86.ActiveCfg = Debug|Win32
		{16501F31-CE33-4D81-9BDE-472DAC779343}.Debug|x86.Build.0 = Debug|Win32
		{16501F31-CE33-4D81-9BDE-472DAC779343}.Release|x64.ActiveCfg = Release|x64
		{16501F31-CE33-4D81-9BDE-472DAC779343}.Release|x64.Build.0 = Release|x64
		{16501F31-CE33-4D81-9BDE-472DAC779343}.Release|x86.ActiveCfg = Release|Win32
		{16501F31-CE33-4D81-9BDE-472DAC779343}.Release|x86.Build.0 = Release|Win32
		{3C245E34-3A5C-487A-AA9C-371DCEF3F4B9}.Debug|x64.ActiveCfg = Debug|x64
		{3C245E34-3A5C-487A-AA9C-371DCEF3F4B9}.Debug|x64.Build.0 = Debug|x64
		{3C245E34-3A5C-487A-AA9C-371DCEF3F4B9}.Debug|x86.ActiveCfg = Debug|Win32
		{3C245E34-3A5C-487A-AA9C-371DCEF3F4B9}.Debug|x86.Build.0 = Debug|Win32
		{3C245E34-3A5C-487A-AA9C-371DCEF3F4B9}.Release|x64.ActiveCfg = Release|x64
		{3C245E34-3A5C-487A-AA9C-371DCEF3F4B9}.Release|x64.Build.0 = Release|x64
		{3C245E34-3A5C-487A-AA9C-371DCEF3F4B9}.Release|x86.ActiveCfg = Release|Win32
		{3C245E34-3A5C-487A-AA9C-371DCEF3F4B9}.Release|x86.Build.0 = Release|Win32
		{3CDB4376-1D99-41EA-9351-F030E3F2CE1D}.Debug|x64.ActiveCfg = Debug|x64
		{3CDB4376-1D99-41EA-9351-F030E3F2CE1D}.Debug|x64.Build.0 = Debug|x64
		{3CDB4376-1D99-41EA-9351-F030E3F2CE1D}.Debug|x86.ActiveCfg = Debug|Win32
		{3CDB4376-1D99-41EA-9351-F030E3F2CE1D}.Debug|x86.Build.0 = Debug|Win32
		{3CDB4376-1D99-41EA-9351-F030E3F2CE1D}.Release|x64.ActiveCfg = Release|x64
		{3CDB4376-1D99-41EA-9351-F030E3F2CE1D}.Release|x64.Build.0 = Release|x64
		{3CDB4376-1D99-41EA-9351-F030E3F2CE1D}.Release|x86.ActiveCfg = Release|Win32
		{3CDB4376-1D99-41EA-9351-F030E3F2CE1D}.Release|x86.Build.0 = Release|Win32
		{DFF357B0-7669-4DD8-ABD1-D501DBCA7AB2}.Debug|x64.ActiveCfg = Debug|x64
		{DFF357B0-7669-4DD8-ABD1-D501DBCA7AB2}.Debug|x64.Build.0 = Debug|x64
		{DFF357B0-7669-4DD8-ABD1-D501DBCA7AB2}.Debug|x86.ActiveCfg = Debug|Win32
		{DFF357B0-7669-4DD8-ABD1-D501DBCA7AB2}.Debug|x86.Build.0 = Debug|Win32
		{DFF357B0-7669-4DD8-ABD1-D501DBCA7AB2}.Release|x64.ActiveCfg = Release|x64
		{DFF357B0-7669-4DD8-ABD1-D501DBCA7AB2}.Release|x64.Build.0 = Release|x64
		{DFF357B0-7669-4DD8-ABD1-D501DBCA7AB2}.Release|x86.ActiveCfg = Release|Win32
		{DFF357B0-7669-4DD8-ABD1-D501DBCA7AB2}.Release|x86.Build.0 = Release|Win32
		{DB8D3652-28C1-425F-BB50-B5275BB4A264}.Debug|x64.ActiveCfg = Debug|x64
		{DB8D3652-28C1-425F-BB50-B5275BB4A264}.Debug|x64.Build.0 = Debug|x64
		{DB8D3652-28C1-425F-BB50-B5275BB4A264}.Debug|x86.ActiveCfg = Debug|Win32
		{DB8D3652-28C1-425F-BB50-B5275BB4A264}.Debug|x86.Build.0 = Debug|Win32
		{DB8D3652-28C1-425F-BB50-B5275BB4A264}.Release|x64.ActiveCfg = Release|x64
		{DB8D3652-28C1-425F-BB50-B5275BB4A264}.Release|x64.Build.0 = Release|x64
		{DB8D3652-28C1-425F-BB50-B5275BB4A264}.Release|x86.ActiveCfg = Release|Win32
		{DB8D3652-28C1-425F-BB50-B5275BB4A264}.Release|x86.Build.0 = Release|Win32
		{505CCEC8-1F9B-433F-9AD8-3A1AB6C312B5}.Debug|x64.ActiveCfg = Debug|x64
		{505CCEC8-1F9B-433F-9AD8-3A1AB6C312B5}.Debug|x64.Build.0 = Debug|x64
		{505CCEC8-1F9B-433F-9AD8-3A1AB6C312B5}.Debug|x86.ActiveCfg = Debug|Win32
		{505CCEC8-1F9B-433F-9AD8-3A1AB6C312B5}.Debug|x86.Build.0 = Debug|Win32
		{505CCEC8-1F9B-433F-9AD8-3A1AB6C312B5}.Release|x64.ActiveCfg = Release|x64
		{505CCEC8-1F9B-433F-9AD8-3A1AB6C312B5}.Release|x64.Build.0 = Release|x64
		{505CCEC8-1F9B-433F-9AD8-3A1AB6C312B5}.Release|x86.ActiveCfg = Release|Win32
		{505CCEC8-1F9B-433F-9AD8-3A1AB6C312B5}.Release|x86.Build.0 = Release|Win32
		{CDAD866C-3552-4550-BB6F-945245E1CCBD}.Debug|x64.ActiveCfg = Debug|x64
		{CDAD866C-3552-4550-BB6F-945245E1CCBD}.Debug|x64.Build.0 = Debug|x64
		{CDAD866C-3552-4550-BB6F-945245E1CCBD}.Debug|x86.ActiveCfg = Debug|Win32
		{CDAD866C-3552-4550-BB6F-945245E1CCBD}.Debug|x86.Build.0 = Debug|Win32
		{CDAD866C-3552-4550-BB6F-945245E1CCBD}.Release|x64.ActiveCfg = Release|x64
		{CDAD866C-3552-4550-BB6F-945245E1CCBD}.Release|x64.Build.0 = Release|x64
		{CDAD866C-3552-4550-BB6F-945245E1CCBD}.Release|x86.ActiveCfg = Release|Win32
		{CDAD866C-3552-4550-BB6F-945245E1CCBD}.Release|x86.Build.0 = Release|Win32
		{1057D520-F593-4C9A-B0F8-DD2A8FFFC9C9}.Debug|x64.ActiveCfg = Debug|x64
		{1057D520-F593-4C9A-B0F8-DD2A8FFFC9C9}.Debug|x64.Build.0 = Debug|x64
		{1057D520-F593-4C9A-B0F8-DD2A8FFFC9C9}.Debug|x86.ActiveCfg = Debug|Win32
		{1057D520-F593-4C9A-B0F8-DD2A8FFFC9C9}.Debug|x86.Build.0 = Debug|Win32
		{1057D520-F593-4C9A-B0F8-DD2A8FFFC9C9}.Release|x64.ActiveCfg = Release|x64
		{1057D520-F593-4C9A-B0F8-DD2A8FFFC9C9}.Release|x64.Build.0 = Release|x64
		{1057D520-F593-4C9A-B0F8-DD2A8FFFC9C9}.Release|x86.ActiveCfg = Release|Win32
		{1057D520-F593-4C9A-B0F8-DD2A8FFFC9C9}.Release|x86.Build.0 = Release|Win32
		{F9B3733D-00E8-4734-8C1A-7A2834609281}.Debug|x64.ActiveCfg = Debug|x64
		{F9B3733D-00E8-4734-8C1A-7A2834609281}.Debug|x64.Build.0 = Debug|x64
		{F9B3733D-00E8-4734-8C1A-7A2834609281}.Debug|x86.ActiveCfg = Debug|Win32
		{F9B3733D-00E8-4734-8C1A-7A2834609281}.Debug|x86.Build.0 = Debug|Win32
		{F9B3733D-00E8-4734-8C1A-7A2834609281}.Release|x64.ActiveCfg = Release|x64
		{F9B3733D-00E8-4734-8C1A-7A2834609281}.Release|x64.Build.0 = Release|x64
		{F9B3733D-00E8-4734-8C1A-7A2834609281}.Release|x86.ActiveCfg = Release|Win32
		{F9B3733D-00E8-4734-8C1A-7A2834609281}.Release|x86.Build.0 = Release|Win32
		{E317759D-1355-435F-9A6D-21C6BEB2038E}.Debug|x64.ActiveCfg = Debug|x64
		{E317759D-1355-435F-9A6D-21C6BEB2038E}.Debug|x64.Build.0 = Debug|x64
		{E317759D-1355-435F-9A6D-21C6BEB2038E}.Debug|x86.ActiveCfg = Debug|Win32
		{E317759D-1355-435F-9A6D-21C6BEB2038E}.Debug|x86.Build.0 = Debug|Win32
		{E317759D-1355-435F-9A6D-21C6BEB2038E}.Release|x64.ActiveCfg = Release|x64
		{E317759D-1355-435F-9A6D-21C6BEB2038E}.Release|x64.Build.0 = Release|x64
		{E317759D-1355-435F-9A6D-21C6BEB2038E}.Release|x86.ActiveCfg = Release|Win32
		{E317759D-1355-435F-9A6D-21C6BEB2038E}.Release|x86.Build.0 = Release|Win32
	EndGlobalSection
	GlobalSection(SolutionProperties) = preSolution
		HideSolutionNode = FALSE
	EndGlobalSection
	GlobalSection(ExtensibilityGlobals) = postSolution
		SolutionGuid = {5991B37C-DFF7-4DAE-9B38-FD06A1CD0A53}
	EndGlobalSection
EndGlobal
